// !$*UTF8*$!
{
	archiveVersion = 1;
	classes = {
	};
	objectVersion = 46;
	objects = {

/* Begin PBXBuildFile section */
		5FD3A6C1190F953300FBFA4C /* Foundation.framework in Frameworks */ = {isa = PBXBuildFile; fileRef = 5FD3A6C0190F953300FBFA4C /* Foundation.framework */; };
		5FD3A6C3190F953300FBFA4C /* CoreGraphics.framework in Frameworks */ = {isa = PBXBuildFile; fileRef = 5FD3A6C2190F953300FBFA4C /* CoreGraphics.framework */; };
		5FD3A6C5190F953300FBFA4C /* UIKit.framework in Frameworks */ = {isa = PBXBuildFile; fileRef = 5FD3A6C4190F953300FBFA4C /* UIKit.framework */; };
		5FD3A6CB190F953300FBFA4C /* InfoPlist.strings in Resources */ = {isa = PBXBuildFile; fileRef = 5FD3A6C9190F953300FBFA4C /* InfoPlist.strings */; };
		5FD3A6CD190F953300FBFA4C /* main.m in Sources */ = {isa = PBXBuildFile; fileRef = 5FD3A6CC190F953300FBFA4C /* main.m */; };
		5FD3A6D1190F953300FBFA4C /* AppDelegate.m in Sources */ = {isa = PBXBuildFile; fileRef = 5FD3A6D0190F953300FBFA4C /* AppDelegate.m */; };
		5FD3A6D4190F953300FBFA4C /* Main.storyboard in Resources */ = {isa = PBXBuildFile; fileRef = 5FD3A6D2190F953300FBFA4C /* Main.storyboard */; };
		5FD3A6D7190F953300FBFA4C /* MasterViewController.m in Sources */ = {isa = PBXBuildFile; fileRef = 5FD3A6D6190F953300FBFA4C /* MasterViewController.m */; };
		5FD3A6DA190F953300FBFA4C /* DetailViewController.m in Sources */ = {isa = PBXBuildFile; fileRef = 5FD3A6D9190F953300FBFA4C /* DetailViewController.m */; };
		5FD3A6DC190F953300FBFA4C /* Images.xcassets in Resources */ = {isa = PBXBuildFile; fileRef = 5FD3A6DB190F953300FBFA4C /* Images.xcassets */; };
		5FD3A6E3190F953300FBFA4C /* XCTest.framework in Frameworks */ = {isa = PBXBuildFile; fileRef = 5FD3A6E2190F953300FBFA4C /* XCTest.framework */; };
		5FD3A6E4190F953300FBFA4C /* Foundation.framework in Frameworks */ = {isa = PBXBuildFile; fileRef = 5FD3A6C0190F953300FBFA4C /* Foundation.framework */; };
		5FD3A6E5190F953300FBFA4C /* UIKit.framework in Frameworks */ = {isa = PBXBuildFile; fileRef = 5FD3A6C4190F953300FBFA4C /* UIKit.framework */; };
		5FD3A6ED190F953300FBFA4C /* InfoPlist.strings in Resources */ = {isa = PBXBuildFile; fileRef = 5FD3A6EB190F953300FBFA4C /* InfoPlist.strings */; };
		5FD3A6EF190F953300FBFA4C /* StoreKitTestTests.m in Sources */ = {isa = PBXBuildFile; fileRef = 5FD3A6EE190F953300FBFA4C /* StoreKitTestTests.m */; };
/* End PBXBuildFile section */

/* Begin PBXContainerItemProxy section */
		5FD3A6E6190F953300FBFA4C /* PBXContainerItemProxy */ = {
			isa = PBXContainerItemProxy;
			containerPortal = 5FD3A6B5190F953300FBFA4C /* Project object */;
			proxyType = 1;
			remoteGlobalIDString = 5FD3A6BC190F953300FBFA4C;
			remoteInfo = StoreKitTest;
		};
/* End PBXContainerItemProxy section */

/* Begin PBXFileReference section */
		5FD3A6BD190F953300FBFA4C /* StoreKitTest.app */ = {isa = PBXFileReference; explicitFileType = wrapper.application; includeInIndex = 0; path = StoreKitTest.app; sourceTree = BUILT_PRODUCTS_DIR; };
		5FD3A6C0190F953300FBFA4C /* Foundation.framework */ = {isa = PBXFileReference; lastKnownFileType = wrapper.framework; name = Foundation.framework; path = System/Library/Frameworks/Foundation.framework; sourceTree = SDKROOT; };
		5FD3A6C2190F953300FBFA4C /* CoreGraphics.framework */ = {isa = PBXFileReference; lastKnownFileType = wrapper.framework; name = CoreGraphics.framework; path = System/Library/Frameworks/CoreGraphics.framework; sourceTree = SDKROOT; };
		5FD3A6C4190F953300FBFA4C /* UIKit.framework */ = {isa = PBXFileReference; lastKnownFileType = wrapper.framework; name = UIKit.framework; path = System/Library/Frameworks/UIKit.framework; sourceTree = SDKROOT; };
		5FD3A6C8190F953300FBFA4C /* StoreKitTest-Info.plist */ = {isa = PBXFileReference; lastKnownFileType = text.plist.xml; path = "StoreKitTest-Info.plist"; sourceTree = "<group>"; };
		5FD3A6CA190F953300FBFA4C /* en */ = {isa = PBXFileReference; lastKnownFileType = text.plist.strings; name = en; path = en.lproj/InfoPlist.strings; sourceTree = "<group>"; };
		5FD3A6CC190F953300FBFA4C /* main.m */ = {isa = PBXFileReference; lastKnownFileType = sourcecode.c.objc; path = main.m; sourceTree = "<group>"; };
		5FD3A6CE190F953300FBFA4C /* StoreKitTest-Prefix.pch */ = {isa = PBXFileReference; lastKnownFileType = sourcecode.c.h; path = "StoreKitTest-Prefix.pch"; sourceTree = "<group>"; };
		5FD3A6CF190F953300FBFA4C /* AppDelegate.h */ = {isa = PBXFileReference; lastKnownFileType = sourcecode.c.h; path = AppDelegate.h; sourceTree = "<group>"; };
		5FD3A6D0190F953300FBFA4C /* AppDelegate.m */ = {isa = PBXFileReference; lastKnownFileType = sourcecode.c.objc; path = AppDelegate.m; sourceTree = "<group>"; };
		5FD3A6D3190F953300FBFA4C /* Base */ = {isa = PBXFileReference; lastKnownFileType = file.storyboard; name = Base; path = Base.lproj/Main.storyboard; sourceTree = "<group>"; };
		5FD3A6D5190F953300FBFA4C /* MasterViewController.h */ = {isa = PBXFileReference; lastKnownFileType = sourcecode.c.h; path = MasterViewController.h; sourceTree = "<group>"; };
		5FD3A6D6190F953300FBFA4C /* MasterViewController.m */ = {isa = PBXFileReference; lastKnownFileType = sourcecode.c.objc; path = MasterViewController.m; sourceTree = "<group>"; };
		5FD3A6D8190F953300FBFA4C /* DetailViewController.h */ = {isa = PBXFileReference; lastKnownFileType = sourcecode.c.h; path = DetailViewController.h; sourceTree = "<group>"; };
		5FD3A6D9190F953300FBFA4C /* DetailViewController.m */ = {isa = PBXFileReference; lastKnownFileType = sourcecode.c.objc; path = DetailViewController.m; sourceTree = "<group>"; };
		5FD3A6DB190F953300FBFA4C /* Images.xcassets */ = {isa = PBXFileReference; lastKnownFileType = folder.assetcatalog; path = Images.xcassets; sourceTree = "<group>"; };
		5FD3A6E1190F953300FBFA4C /* StoreKitTestTests.xctest */ = {isa = PBXFileReference; explicitFileType = wrapper.cfbundle; includeInIndex = 0; path = StoreKitTestTests.xctest; sourceTree = BUILT_PRODUCTS_DIR; };
		5FD3A6E2190F953300FBFA4C /* XCTest.framework */ = {isa = PBXFileReference; lastKnownFileType = wrapper.framework; name = XCTest.framework; path = Library/Frameworks/XCTest.framework; sourceTree = DEVELOPER_DIR; };
		5FD3A6EA190F953300FBFA4C /* StoreKitTestTests-Info.plist */ = {isa = PBXFileReference; lastKnownFileType = text.plist.xml; path = "StoreKitTestTests-Info.plist"; sourceTree = "<group>"; };
		5FD3A6EC190F953300FBFA4C /* en */ = {isa = PBXFileReference; lastKnownFileType = text.plist.strings; name = en; path = en.lproj/InfoPlist.strings; sourceTree = "<group>"; };
		5FD3A6EE190F953300FBFA4C /* StoreKitTestTests.m */ = {isa = PBXFileReference; lastKnownFileType = sourcecode.c.objc; path = StoreKitTestTests.m; sourceTree = "<group>"; };
/* End PBXFileReference section */

/* Begin PBXFrameworksBuildPhase section */
		5FD3A6BA190F953300FBFA4C /* Frameworks */ = {
			isa = PBXFrameworksBuildPhase;
			buildActionMask = 2147483647;
			files = (
				5FD3A6C3190F953300FBFA4C /* CoreGraphics.framework in Frameworks */,
				5FD3A6C5190F953300FBFA4C /* UIKit.framework in Frameworks */,
				5FD3A6C1190F953300FBFA4C /* Foundation.framework in Frameworks */,
			);
			runOnlyForDeploymentPostprocessing = 0;
		};
		5FD3A6DE190F953300FBFA4C /* Frameworks */ = {
			isa = PBXFrameworksBuildPhase;
			buildActionMask = 2147483647;
			files = (
				5FD3A6E3190F953300FBFA4C /* XCTest.framework in Frameworks */,
				5FD3A6E5190F953300FBFA4C /* UIKit.framework in Frameworks */,
				5FD3A6E4190F953300FBFA4C /* Foundation.framework in Frameworks */,
			);
			runOnlyForDeploymentPostprocessing = 0;
		};
/* End PBXFrameworksBuildPhase section */

/* Begin PBXGroup section */
		5FD3A6B4190F953300FBFA4C = {
			isa = PBXGroup;
			children = (
				5FD3A6C6190F953300FBFA4C /* StoreKitTest */,
				5FD3A6E8190F953300FBFA4C /* StoreKitTestTests */,
				5FD3A6BF190F953300FBFA4C /* Frameworks */,
				5FD3A6BE190F953300FBFA4C /* Products */,
			);
			sourceTree = "<group>";
		};
		5FD3A6BE190F953300FBFA4C /* Products */ = {
			isa = PBXGroup;
			children = (
				5FD3A6BD190F953300FBFA4C /* StoreKitTest.app */,
				5FD3A6E1190F953300FBFA4C /* StoreKitTestTests.xctest */,
			);
			name = Products;
			sourceTree = "<group>";
		};
		5FD3A6BF190F953300FBFA4C /* Frameworks */ = {
			isa = PBXGroup;
			children = (
				5FD3A6C0190F953300FBFA4C /* Foundation.framework */,
				5FD3A6C2190F953300FBFA4C /* CoreGraphics.framework */,
				5FD3A6C4190F953300FBFA4C /* UIKit.framework */,
				5FD3A6E2190F953300FBFA4C /* XCTest.framework */,
			);
			name = Frameworks;
			sourceTree = "<group>";
		};
		5FD3A6C6190F953300FBFA4C /* StoreKitTest */ = {
			isa = PBXGroup;
			children = (
				5FD3A6CF190F953300FBFA4C /* AppDelegate.h */,
				5FD3A6D0190F953300FBFA4C /* AppDelegate.m */,
				5FD3A6D2190F953300FBFA4C /* Main.storyboard */,
				5FD3A6D5190F953300FBFA4C /* MasterViewController.h */,
				5FD3A6D6190F953300FBFA4C /* MasterViewController.m */,
				5FD3A6D8190F953300FBFA4C /* DetailViewController.h */,
				5FD3A6D9190F953300FBFA4C /* DetailViewController.m */,
				5FD3A6DB190F953300FBFA4C /* Images.xcassets */,
				5FD3A6C7190F953300FBFA4C /* Supporting Files */,
			);
			path = StoreKitTest;
			sourceTree = "<group>";
		};
		5FD3A6C7190F953300FBFA4C /* Supporting Files */ = {
			isa = PBXGroup;
			children = (
				5FD3A6C8190F953300FBFA4C /* StoreKitTest-Info.plist */,
				5FD3A6C9190F953300FBFA4C /* InfoPlist.strings */,
				5FD3A6CC190F953300FBFA4C /* main.m */,
				5FD3A6CE190F953300FBFA4C /* StoreKitTest-Prefix.pch */,
			);
			name = "Supporting Files";
			sourceTree = "<group>";
		};
		5FD3A6E8190F953300FBFA4C /* StoreKitTestTests */ = {
			isa = PBXGroup;
			children = (
				5FD3A6EE190F953300FBFA4C /* StoreKitTestTests.m */,
				5FD3A6E9190F953300FBFA4C /* Supporting Files */,
			);
			path = StoreKitTestTests;
			sourceTree = "<group>";
		};
		5FD3A6E9190F953300FBFA4C /* Supporting Files */ = {
			isa = PBXGroup;
			children = (
				5FD3A6EA190F953300FBFA4C /* StoreKitTestTests-Info.plist */,
				5FD3A6EB190F953300FBFA4C /* InfoPlist.strings */,
			);
			name = "Supporting Files";
			sourceTree = "<group>";
		};
/* End PBXGroup section */

/* Begin PBXNativeTarget section */
		5FD3A6BC190F953300FBFA4C /* StoreKitTest */ = {
			isa = PBXNativeTarget;
			buildConfigurationList = 5FD3A6F2190F953300FBFA4C /* Build configuration list for PBXNativeTarget "StoreKitTest" */;
			buildPhases = (
				5FD3A6B9190F953300FBFA4C /* Sources */,
				5FD3A6BA190F953300FBFA4C /* Frameworks */,
				5FD3A6BB190F953300FBFA4C /* Resources */,
			);
			buildRules = (
			);
			dependencies = (
			);
			name = StoreKitTest;
			productName = StoreKitTest;
			productReference = 5FD3A6BD190F953300FBFA4C /* StoreKitTest.app */;
			productType = "com.apple.product-type.application";
		};
		5FD3A6E0190F953300FBFA4C /* StoreKitTestTests */ = {
			isa = PBXNativeTarget;
			buildConfigurationList = 5FD3A6F5190F953300FBFA4C /* Build configuration list for PBXNativeTarget "StoreKitTestTests" */;
			buildPhases = (
				5FD3A6DD190F953300FBFA4C /* Sources */,
				5FD3A6DE190F953300FBFA4C /* Frameworks */,
				5FD3A6DF190F953300FBFA4C /* Resources */,
			);
			buildRules = (
			);
			dependencies = (
				5FD3A6E7190F953300FBFA4C /* PBXTargetDependency */,
			);
			name = StoreKitTestTests;
			productName = StoreKitTestTests;
			productReference = 5FD3A6E1190F953300FBFA4C /* StoreKitTestTests.xctest */;
			productType = "com.apple.product-type.bundle.unit-test";
		};
/* End PBXNativeTarget section */

/* Begin PBXProject section */
		5FD3A6B5190F953300FBFA4C /* Project object */ = {
			isa = PBXProject;
			attributes = {
				LastUpgradeCheck = 0510;
				ORGANIZATIONNAME = "Katie Yun";
				TargetAttributes = {
					5FD3A6E0190F953300FBFA4C = {
						TestTargetID = 5FD3A6BC190F953300FBFA4C;
					};
				};
			};
			buildConfigurationList = 5FD3A6B8190F953300FBFA4C /* Build configuration list for PBXProject "StoreKitTest" */;
			compatibilityVersion = "Xcode 3.2";
			developmentRegion = English;
			hasScannedForEncodings = 0;
			knownRegions = (
				en,
				Base,
			);
			mainGroup = 5FD3A6B4190F953300FBFA4C;
			productRefGroup = 5FD3A6BE190F953300FBFA4C /* Products */;
			projectDirPath = "";
			projectRoot = "";
			targets = (
				5FD3A6BC190F953300FBFA4C /* StoreKitTest */,
				5FD3A6E0190F953300FBFA4C /* StoreKitTestTests */,
			);
		};
/* End PBXProject section */

/* Begin PBXResourcesBuildPhase section */
		5FD3A6BB190F953300FBFA4C /* Resources */ = {
			isa = PBXResourcesBuildPhase;
			buildActionMask = 2147483647;
			files = (
				5FD3A6DC190F953300FBFA4C /* Images.xcassets in Resources */,
				5FD3A6CB190F953300FBFA4C /* InfoPlist.strings in Resources */,
				5FD3A6D4190F953300FBFA4C /* Main.storyboard in Resources */,
			);
			runOnlyForDeploymentPostprocessing = 0;
		};
		5FD3A6DF190F953300FBFA4C /* Resources */ = {
			isa = PBXResourcesBuildPhase;
			buildActionMask = 2147483647;
			files = (
				5FD3A6ED190F953300FBFA4C /* InfoPlist.strings in Resources */,
			);
			runOnlyForDeploymentPostprocessing = 0;
		};
/* End PBXResourcesBuildPhase section */

/* Begin PBXSourcesBuildPhase section */
		5FD3A6B9190F953300FBFA4C /* Sources */ = {
			isa = PBXSourcesBuildPhase;
			buildActionMask = 2147483647;
			files = (
				5FD3A6D1190F953300FBFA4C /* AppDelegate.m in Sources */,
				5FD3A6D7190F953300FBFA4C /* MasterViewController.m in Sources */,
				5FD3A6CD190F953300FBFA4C /* main.m in Sources */,
				5FD3A6DA190F953300FBFA4C /* DetailViewController.m in Sources */,
			);
			runOnlyForDeploymentPostprocessing = 0;
		};
		5FD3A6DD190F953300FBFA4C /* Sources */ = {
			isa = PBXSourcesBuildPhase;
			buildActionMask = 2147483647;
			files = (
				5FD3A6EF190F953300FBFA4C /* StoreKitTestTests.m in Sources */,
			);
			runOnlyForDeploymentPostprocessing = 0;
		};
/* End PBXSourcesBuildPhase section */

/* Begin PBXTargetDependency section */
		5FD3A6E7190F953300FBFA4C /* PBXTargetDependency */ = {
			isa = PBXTargetDependency;
			target = 5FD3A6BC190F953300FBFA4C /* StoreKitTest */;
			targetProxy = 5FD3A6E6190F953300FBFA4C /* PBXContainerItemProxy */;
		};
/* End PBXTargetDependency section */

/* Begin PBXVariantGroup section */
		5FD3A6C9190F953300FBFA4C /* InfoPlist.strings */ = {
			isa = PBXVariantGroup;
			children = (
				5FD3A6CA190F953300FBFA4C /* en */,
			);
			name = InfoPlist.strings;
			sourceTree = "<group>";
		};
		5FD3A6D2190F953300FBFA4C /* Main.storyboard */ = {
			isa = PBXVariantGroup;
			children = (
				5FD3A6D3190F953300FBFA4C /* Base */,
			);
			name = Main.storyboard;
			sourceTree = "<group>";
		};
		5FD3A6EB190F953300FBFA4C /* InfoPlist.strings */ = {
			isa = PBXVariantGroup;
			children = (
				5FD3A6EC190F953300FBFA4C /* en */,
			);
			name = InfoPlist.strings;
			sourceTree = "<group>";
		};
/* End PBXVariantGroup section */

/* Begin XCBuildConfiguration section */
		5FD3A6F0190F953300FBFA4C /* Debug */ = {
			isa = XCBuildConfiguration;
			buildSettings = {
				ALWAYS_SEARCH_USER_PATHS = NO;
				CLANG_CXX_LANGUAGE_STANDARD = "gnu++0x";
				CLANG_CXX_LIBRARY = "libc++";
				CLANG_ENABLE_MODULES = YES;
				CLANG_ENABLE_OBJC_ARC = YES;
				CLANG_WARN_BOOL_CONVERSION = YES;
				CLANG_WARN_CONSTANT_CONVERSION = YES;
				CLANG_WARN_DIRECT_OBJC_ISA_USAGE = YES_ERROR;
				CLANG_WARN_EMPTY_BODY = YES;
				CLANG_WARN_ENUM_CONVERSION = YES;
				CLANG_WARN_INT_CONVERSION = YES;
				CLANG_WARN_OBJC_ROOT_CLASS = YES_ERROR;
				CLANG_WARN__DUPLICATE_METHOD_MATCH = YES;
				"CODE_SIGN_IDENTITY[sdk=iphoneos*]" = "iPhone Developer";
				COPY_PHASE_STRIP = NO;
				GCC_C_LANGUAGE_STANDARD = gnu99;
				GCC_DYNAMIC_NO_PIC = NO;
				GCC_OPTIMIZATION_LEVEL = 0;
				GCC_PREPROCESSOR_DEFINITIONS = (
					"DEBUG=1",
					"$(inherited)",
				);
				GCC_SYMBOLS_PRIVATE_EXTERN = NO;
				GCC_WARN_64_TO_32_BIT_CONVERSION = YES;
				GCC_WARN_ABOUT_RETURN_TYPE = YES_ERROR;
				GCC_WARN_UNDECLARED_SELECTOR = YES;
				GCC_WARN_UNINITIALIZED_AUTOS = YES_AGGRESSIVE;
				GCC_WARN_UNUSED_FUNCTION = YES;
				GCC_WARN_UNUSED_VARIABLE = YES;
				IPHONEOS_DEPLOYMENT_TARGET = 7.1;
				ONLY_ACTIVE_ARCH = YES;
				SDKROOT = iphoneos;
			};
			name = Debug;
		};
		5FD3A6F1190F953300FBFA4C /* Release */ = {
			isa = XCBuildConfiguration;
			buildSettings = {
				ALWAYS_SEARCH_USER_PATHS = NO;
				CLANG_CXX_LANGUAGE_STANDARD = "gnu++0x";
				CLANG_CXX_LIBRARY = "libc++";
				CLANG_ENABLE_MODULES = YES;
				CLANG_ENABLE_OBJC_ARC = YES;
				CLANG_WARN_BOOL_CONVERSION = YES;
				CLANG_WARN_CONSTANT_CONVERSION = YES;
				CLANG_WARN_DIRECT_OBJC_ISA_USAGE = YES_ERROR;
				CLANG_WARN_EMPTY_BODY = YES;
				CLANG_WARN_ENUM_CONVERSION = YES;
				CLANG_WARN_INT_CONVERSION = YES;
				CLANG_WARN_OBJC_ROOT_CLASS = YES_ERROR;
				CLANG_WARN__DUPLICATE_METHOD_MATCH = YES;
				"CODE_SIGN_IDENTITY[sdk=iphoneos*]" = "iPhone Developer";
				COPY_PHASE_STRIP = YES;
				ENABLE_NS_ASSERTIONS = NO;
				GCC_C_LANGUAGE_STANDARD = gnu99;
				GCC_WARN_64_TO_32_BIT_CONVERSION = YES;
				GCC_WARN_ABOUT_RETURN_TYPE = YES_ERROR;
				GCC_WARN_UNDECLARED_SELECTOR = YES;
				GCC_WARN_UNINITIALIZED_AUTOS = YES_AGGRESSIVE;
				GCC_WARN_UNUSED_FUNCTION = YES;
				GCC_WARN_UNUSED_VARIABLE = YES;
				IPHONEOS_DEPLOYMENT_TARGET = 7.1;
				SDKROOT = iphoneos;
				VALIDATE_PRODUCT = YES;
			};
			name = Release;
		};
		5FD3A6F3190F953300FBFA4C /* Debug */ = {
			isa = XCBuildConfiguration;
			buildSettings = {
				ASSETCATALOG_COMPILER_APPICON_NAME = AppIcon;
				ASSETCATALOG_COMPILER_LAUNCHIMAGE_NAME = LaunchImage;
				GCC_PRECOMPILE_PREFIX_HEADER = YES;
				GCC_PREFIX_HEADER = "StoreKitTest/StoreKitTest-Prefix.pch";
				INFOPLIST_FILE = "StoreKitTest/StoreKitTest-Info.plist";
				PRODUCT_NAME = "$(TARGET_NAME)";
				WRAPPER_EXTENSION = app;
			};
			name = Debug;
		};
		5FD3A6F4190F953300FBFA4C /* Release */ = {
			isa = XCBuildConfiguration;
			buildSettings = {
				ASSETCATALOG_COMPILER_APPICON_NAME = AppIcon;
				ASSETCATALOG_COMPILER_LAUNCHIMAGE_NAME = LaunchImage;
				GCC_PRECOMPILE_PREFIX_HEADER = YES;
				GCC_PREFIX_HEADER = "StoreKitTest/StoreKitTest-Prefix.pch";
				INFOPLIST_FILE = "StoreKitTest/StoreKitTest-Info.plist";
				PRODUCT_NAME = "$(TARGET_NAME)";
				WRAPPER_EXTENSION = app;
			};
			name = Release;
		};
		5FD3A6F6190F953300FBFA4C /* Debug */ = {
			isa = XCBuildConfiguration;
			buildSettings = {
				BUNDLE_LOADER = "$(BUILT_PRODUCTS_DIR)/StoreKitTest.app/StoreKitTest";
				FRAMEWORK_SEARCH_PATHS = (
					"$(SDKROOT)/Developer/Library/Frameworks",
					"$(inherited)",
					"$(DEVELOPER_FRAMEWORKS_DIR)",
				);
				GCC_PRECOMPILE_PREFIX_HEADER = YES;
				GCC_PREFIX_HEADER = "StoreKitTest/StoreKitTest-Prefix.pch";
				GCC_PREPROCESSOR_DEFINITIONS = (
					"DEBUG=1",
					"$(inherited)",
				);
				INFOPLIST_FILE = "StoreKitTestTests/StoreKitTestTests-Info.plist";
				PRODUCT_NAME = "$(TARGET_NAME)";
				TEST_HOST = "$(BUNDLE_LOADER)";
				WRAPPER_EXTENSION = xctest;
			};
			name = Debug;
		};
		5FD3A6F7190F953300FBFA4C /* Release */ = {
			isa = XCBuildConfiguration;
			buildSettings = {
				BUNDLE_LOADER = "$(BUILT_PRODUCTS_DIR)/StoreKitTest.app/StoreKitTest";
				FRAMEWORK_SEARCH_PATHS = (
					"$(SDKROOT)/Developer/Library/Frameworks",
					"$(inherited)",
					"$(DEVELOPER_FRAMEWORKS_DIR)",
				);
				GCC_PRECOMPILE_PREFIX_HEADER = YES;
				GCC_PREFIX_HEADER = "StoreKitTest/StoreKitTest-Prefix.pch";
				INFOPLIST_FILE = "StoreKitTestTests/StoreKitTestTests-Info.plist";
				PRODUCT_NAME = "$(TARGET_NAME)";
				TEST_HOST = "$(BUNDLE_LOADER)";
				WRAPPER_EXTENSION = xctest;
			};
			name = Release;
		};
/* End XCBuildConfiguration section */

/* Begin XCConfigurationList section */
		5FD3A6B8190F953300FBFA4C /* Build configuration list for PBXProject "StoreKitTest" */ = {
			isa = XCConfigurationList;
			buildConfigurations = (
				5FD3A6F0190F953300FBFA4C /* Debug */,
				5FD3A6F1190F953300FBFA4C /* Release */,
			);
			defaultConfigurationIsVisible = 0;
			defaultConfigurationName = Release;
		};
		5FD3A6F2190F953300FBFA4C /* Build configuration list for PBXNativeTarget "StoreKitTest" */ = {
			isa = XCConfigurationList;
			buildConfigurations = (
				5FD3A6F3190F953300FBFA4C /* Debug */,
				5FD3A6F4190F953300FBFA4C /* Release */,
			);
			defaultConfigurationIsVisible = 0;
		};
		5FD3A6F5190F953300FBFA4C /* Build configuration list for PBXNativeTarget "StoreKitTestTests" */ = {
			isa = XCConfigurationList;
			buildConfigurations = (
				5FD3A6F6190F953300FBFA4C /* Debug */,
				5FD3A6F7190F953300FBFA4C /* Release */,
			);
			defaultConfigurationIsVisible = 0;
		};
/* End XCConfigurationList section */
	};
	rootObject = 5FD3A6B5190F953300FBFA4C /* Project object */;
}
